
Microsoft Visual Studio Solution File, Format Version 12.00
# Visual Studio Version 16
VisualStudioVersion = 16.0.30621.155
MinimumVisualStudioVersion = 10.0.40219.1
Project("{FAE04EC0-301F-11D3-BF4B-00C04F79EFBC}") = "CRUDJeudi", "CRUDJeudi\CRUDJeudi.csproj", "{AAAE3EC0-5ABF-4D81-BBD7-7201E928B32D}"
EndProject
Global
	GlobalSection(SolutionConfigurationPlatforms) = preSolution
		Debug|Any CPU = Debug|Any CPU
		Release|Any CPU = Release|Any CPU
	EndGlobalSection
	GlobalSection(ProjectConfigurationPlatforms) = postSolution
		{AAAE3EC0-5ABF-4D81-BBD7-7201E928B32D}.Debug|Any CPU.ActiveCfg = Debug|Any CPU
		{AAAE3EC0-5ABF-4D81-BBD7-7201E928B32D}.Debug|Any CPU.Build.0 = Debug|Any CPU
		{AAAE3EC0-5ABF-4D81-BBD7-7201E928B32D}.Release|Any CPU.ActiveCfg = Release|Any CPU
		{AAAE3EC0-5ABF-4D81-BBD7-7201E928B32D}.Release|Any CPU.Build.0 = Release|Any CPU
	EndGlobalSection
	GlobalSection(SolutionProperties) = preSolution
		HideSolutionNode = FALSE
	EndGlobalSection
	GlobalSection(ExtensibilityGlobals) = postSolution
		SolutionGuid = {2611AC7F-1659-40B3-BF9D-6321E12FC538}
	EndGlobalSection
EndGlobal
